{
  "name": "example-wasi-mangling",
  "version": "1.0.0",
  "lockfileVersion": 1,
  "requires": true,
  "dependencies": {
    "@jetblack/wasi-marshalling": {
      "version": "0.7.1",
      "resolved": "https://registry.npmjs.org/@jetblack/wasi-marshalling/-/wasi-marshalling-0.7.1.tgz",
      "integrity": "sha512-Qv0GKAIc2MyV5xpoDHxzGb2wuUseLYAHVaFolU01mV08sw3RR7qzz95w9Ujducpv6X3j94EZNjY97peJXbTSdQ=="
    }
  }
}
